
Microsoft Visual Studio Solution File, Format Version 12.00
# Visual Studio 15
VisualStudioVersion = 15.0.26228.9
MinimumVisualStudioVersion = 10.0.40219.1
Project("{FAE04EC0-301F-11D3-BF4B-00C04F79EFBC}") = "Ellipce", "Ellipce\Ellipce.csproj", "{C380225E-A71A-45ED-B3AD-3E7E7328052C}"
EndProject
Global
	GlobalSection(SolutionConfigurationPlatforms) = preSolution
		Debug|Any CPU = Debug|Any CPU
		Release|Any CPU = Release|Any CPU
	EndGlobalSection
	GlobalSection(ProjectConfigurationPlatforms) = postSolution
		{C380225E-A71A-45ED-B3AD-3E7E7328052C}.Debug|Any CPU.ActiveCfg = Debug|Any CPU
		{C380225E-A71A-45ED-B3AD-3E7E7328052C}.Debug|Any CPU.Build.0 = Debug|Any CPU
		{C380225E-A71A-45ED-B3AD-3E7E7328052C}.Release|Any CPU.ActiveCfg = Release|Any CPU
		{C380225E-A71A-45ED-B3AD-3E7E7328052C}.Release|Any CPU.Build.0 = Release|Any CPU
	EndGlobalSection
	GlobalSection(SolutionProperties) = preSolution
		HideSolutionNode = FALSE
	EndGlobalSection
EndGlobal
